version = 1
revision = 3
requires-python = "==3.13.*"

[[package]]
name = "antlr4-python3-runtime"
version = "4.13.2"
source = { registry = "https://pypi.org/simple" }
sdist = { url = "https://files.pythonhosted.org/packages/33/5f/2cdf6f7aca3b20d3f316e9f505292e1f256a32089bd702034c29ebde6242/antlr4_python3_runtime-4.13.2.tar.gz", hash = "sha256:909b647e1d2fc2b70180ac586df3933e38919c85f98ccc656a96cd3f25ef3916", size = 117467, upload-time = "2024-08-03T19:00:12.757Z" }
wheels = [
    { url = "https://files.pythonhosted.org/packages/89/03/a851e84fcbb85214dc637b6378121ef9a0dd61b4c65264675d8a5c9b1ae7/antlr4_python3_runtime-4.13.2-py3-none-any.whl", hash = "sha256:fe3835eb8d33daece0e799090eda89719dbccee7aa39ef94eed3818cafa5a7e8", size = 144462, upload-time = "2024-08-03T19:00:11.134Z" },
]

[[package]]
name = "caliptra-reg-gen"
version = "0.0.0"
source = { virtual = "." }
dependencies = [
    { name = "peakrdl" },
    { name = "peakrdl-html" },
    { name = "peakrdl-regblock" },
    { name = "peakrdl-uvm" },
    { name = "systemrdl-compiler" },
]

[package.metadata]
requires-dist = [
    { name = "peakrdl", specifier = "==1.1.0" },
    { name = "peakrdl-html", specifier = "==2.10.1" },
    { name = "peakrdl-regblock", specifier = "==0.21.0" },
    { name = "peakrdl-uvm", specifier = "==2.3.0" },
    { name = "systemrdl-compiler", specifier = "==1.27.3" },
]

[[package]]
name = "colorama"
version = "0.4.6"
source = { registry = "https://pypi.org/simple" }
sdist = { url = "https://files.pythonhosted.org/packages/d8/53/6f443c9a4a8358a93a6792e2acffb9d9d5cb0a5cfd8802644b7b1c9a02e4/colorama-0.4.6.tar.gz", hash = "sha256:08695f5cb7ed6e0531a20572697297273c47b8cae5a63ffc6d6ed5c201be6e44", size = 27697, upload-time = "2022-10-25T02:36:22.414Z" }
wheels = [
    { url = "https://files.pythonhosted.org/packages/d1/d6/3965ed04c63042e047cb6a3e6ed1a63a35087b6a609aa3a15ed8ac56c221/colorama-0.4.6-py2.py3-none-any.whl", hash = "sha256:4f1d9991f5acc0ca119f9d443620b77f9d6b33703e51011c16baf57afb285fc6", size = 25335, upload-time = "2022-10-25T02:36:20.889Z" },
]

[[package]]
name = "git-me-the-url"
version = "2.2.0"
source = { registry = "https://pypi.org/simple" }
dependencies = [
    { name = "gitpython" },
]
sdist = { url = "https://files.pythonhosted.org/packages/69/36/e58975894d84387432ca9c5f221d4f05f1f07296c5488c1115a964bdef62/git_me_the_url-2.2.0.tar.gz", hash = "sha256:fc000b2c67171f45da263760a75dbce21a08aeb428ee5021cd8ab29330297dc3", size = 423769, upload-time = "2025-11-21T03:15:50.167Z" }
wheels = [
    { url = "https://files.pythonhosted.org/packages/c5/a8/16ff25e716248b4433a81c429a51996eb2c263199c1777ea1d5424b5c673/git_me_the_url-2.2.0-py3-none-any.whl", hash = "sha256:bd759ddde7d21ebe1d85558f00d6822b74b7e5907adcaeb9fc4d72203a34264b", size = 12945, upload-time = "2025-11-21T03:15:48.831Z" },
]

[[package]]
name = "gitdb"
version = "4.0.12"
source = { registry = "https://pypi.org/simple" }
dependencies = [
    { name = "smmap" },
]
sdist = { url = "https://files.pythonhosted.org/packages/72/94/63b0fc47eb32792c7ba1fe1b694daec9a63620db1e313033d18140c2320a/gitdb-4.0.12.tar.gz", hash = "sha256:5ef71f855d191a3326fcfbc0d5da835f26b13fbcba60c32c21091c349ffdb571", size = 394684, upload-time = "2025-01-02T07:20:46.413Z" }
wheels = [
    { url = "https://files.pythonhosted.org/packages/a0/61/5c78b91c3143ed5c14207f463aecfc8f9dbb5092fb2869baf37c273b2705/gitdb-4.0.12-py3-none-any.whl", hash = "sha256:67073e15955400952c6565cc3e707c554a4eea2e428946f7a4c162fab9bd9bcf", size = 62794, upload-time = "2025-01-02T07:20:43.624Z" },
]

[[package]]
name = "gitpython"
version = "3.1.50"
source = { registry = "https://pypi.org/simple" }
dependencies = [
    { name = "gitdb" },
]
sdist = { url = "https://files.pythonhosted.org/packages/33/f6/354ae6491228b5eb40e10d89c4d13c651fe1cf7556e35ebdded50cff57ce/gitpython-3.1.50.tar.gz", hash = "sha256:80da2d12504d52e1f998772dc5baf6e553f8d2fcfe1fcc226c9d9a2ee3372dcc", size = 219798, upload-time = "2026-05-06T04:01:26.571Z" }
wheels = [
    { url = "https://files.pythonhosted.org/packages/20/7a/1c6e3562dfd8950adbb11ffbc65d21e7c89d01a6e4f137fa981056de25c5/gitpython-3.1.50-py3-none-any.whl", hash = "sha256:d352abe2908d07355014abdd21ddf798c2a961469239afec4962e9da884858f9", size = 212507, upload-time = "2026-05-06T04:01:23.799Z" },
]

[[package]]
name = "jinja2"
version = "3.1.6"
source = { registry = "https://pypi.org/simple" }
dependencies = [
    { name = "markupsafe" },
]
sdist = { url = "https://files.pythonhosted.org/packages/df/bf/f7da0350254c0ed7c72f3e33cef02e048281fec7ecec5f032d4aac52226b/jinja2-3.1.6.tar.gz", hash = "sha256:0137fb05990d35f1275a587e9aee6d56da821fc83491a0fb838183be43f66d6d", size = 245115, upload-time = "2025-03-05T20:05:02.478Z" }
wheels = [
    { url = "https://files.pythonhosted.org/packages/62/a1/3d680cbfd5f4b8f15abc1d571870c5fc3e594bb582bc3b64ea099db13e56/jinja2-3.1.6-py3-none-any.whl", hash = "sha256:85ece4451f492d0c13c5dd7c13a64681a86afae63a5f347908daf103ce6d2f67", size = 134899, upload-time = "2025-03-05T20:05:00.369Z" },
]

[[package]]
name = "markdown"
version = "3.10.2"
source = { registry = "https://pypi.org/simple" }
sdist = { url = "https://files.pythonhosted.org/packages/2b/f4/69fa6ed85ae003c2378ffa8f6d2e3234662abd02c10d216c0ba96081a238/markdown-3.10.2.tar.gz", hash = "sha256:994d51325d25ad8aa7ce4ebaec003febcce822c3f8c911e3b17c52f7f589f950", size = 368805, upload-time = "2026-02-09T14:57:26.942Z" }
wheels = [
    { url = "https://files.pythonhosted.org/packages/de/1f/77fa3081e4f66ca3576c896ae5d31c3002ac6607f9747d2e3aa49227e464/markdown-3.10.2-py3-none-any.whl", hash = "sha256:e91464b71ae3ee7afd3017d9f358ef0baf158fd9a298db92f1d4761133824c36", size = 108180, upload-time = "2026-02-09T14:57:25.787Z" },
]

[[package]]
name = "markupsafe"
version = "3.0.3"
source = { registry = "https://pypi.org/simple" }
sdist = { url = "https://files.pythonhosted.org/packages/7e/99/7690b6d4034fffd95959cbe0c02de8deb3098cc577c67bb6a24fe5d7caa7/markupsafe-3.0.3.tar.gz", hash = "sha256:722695808f4b6457b320fdc131280796bdceb04ab50fe1795cd540799ebe1698", size = 80313, upload-time = "2025-09-27T18:37:40.426Z" }
wheels = [
    { url = "https://files.pythonhosted.org/packages/38/2f/907b9c7bbba283e68f20259574b13d005c121a0fa4c175f9bed27c4597ff/markupsafe-3.0.3-cp313-cp313-macosx_10_13_x86_64.whl", hash = "sha256:e1cf1972137e83c5d4c136c43ced9ac51d0e124706ee1c8aa8532c1287fa8795", size = 11622, upload-time = "2025-09-27T18:36:41.777Z" },
    { url = "https://files.pythonhosted.org/packages/9c/d9/5f7756922cdd676869eca1c4e3c0cd0df60ed30199ffd775e319089cb3ed/markupsafe-3.0.3-cp313-cp313-macosx_11_0_arm64.whl", hash = "sha256:116bb52f642a37c115f517494ea5feb03889e04df47eeff5b130b1808ce7c219", size = 12029, upload-time = "2025-09-27T18:36:43.257Z" },
    { url = "https://files.pythonhosted.org/packages/00/07/575a68c754943058c78f30db02ee03a64b3c638586fba6a6dd56830b30a3/markupsafe-3.0.3-cp313-cp313-manylinux2014_aarch64.manylinux_2_17_aarch64.manylinux_2_28_aarch64.whl", hash = "sha256:133a43e73a802c5562be9bbcd03d090aa5a1fe899db609c29e8c8d815c5f6de6", size = 24374, upload-time = "2025-09-27T18:36:44.508Z" },
    { url = "https://files.pythonhosted.org/packages/a9/21/9b05698b46f218fc0e118e1f8168395c65c8a2c750ae2bab54fc4bd4e0e8/markupsafe-3.0.3-cp313-cp313-manylinux2014_x86_64.manylinux_2_17_x86_64.manylinux_2_28_x86_64.whl", hash = "sha256:ccfcd093f13f0f0b7fdd0f198b90053bf7b2f02a3927a30e63f3ccc9df56b676", size = 22980, upload-time = "2025-09-27T18:36:45.385Z" },
    { url = "https://files.pythonhosted.org/packages/7f/71/544260864f893f18b6827315b988c146b559391e6e7e8f7252839b1b846a/markupsafe-3.0.3-cp313-cp313-manylinux_2_31_riscv64.manylinux_2_39_riscv64.whl", hash = "sha256:509fa21c6deb7a7a273d629cf5ec029bc209d1a51178615ddf718f5918992ab9", size = 21990, upload-time = "2025-09-27T18:36:46.916Z" },
    { url = "https://files.pythonhosted.org/packages/c2/28/b50fc2f74d1ad761af2f5dcce7492648b983d00a65b8c0e0cb457c82ebbe/markupsafe-3.0.3-cp313-cp313-musllinux_1_2_aarch64.whl", hash = "sha256:a4afe79fb3de0b7097d81da19090f4df4f8d3a2b3adaa8764138aac2e44f3af1", size = 23784, upload-time = "2025-09-27T18:36:47.884Z" },
    { url = "https://files.pythonhosted.org/packages/ed/76/104b2aa106a208da8b17a2fb72e033a5a9d7073c68f7e508b94916ed47a9/markupsafe-3.0.3-cp313-cp313-musllinux_1_2_riscv64.whl", hash = "sha256:795e7751525cae078558e679d646ae45574b47ed6e7771863fcc079a6171a0fc", size = 21588, upload-time = "2025-09-27T18:36:48.82Z" },
    { url = "https://files.pythonhosted.org/packages/b5/99/16a5eb2d140087ebd97180d95249b00a03aa87e29cc224056274f2e45fd6/markupsafe-3.0.3-cp313-cp313-musllinux_1_2_x86_64.whl", hash = "sha256:8485f406a96febb5140bfeca44a73e3ce5116b2501ac54fe953e488fb1d03b12", size = 23041, upload-time = "2025-09-27T18:36:49.797Z" },
    { url = "https://files.pythonhosted.org/packages/19/bc/e7140ed90c5d61d77cea142eed9f9c303f4c4806f60a1044c13e3f1471d0/markupsafe-3.0.3-cp313-cp313-win32.whl", hash = "sha256:bdd37121970bfd8be76c5fb069c7751683bdf373db1ed6c010162b2a130248ed", size = 14543, upload-time = "2025-09-27T18:36:51.584Z" },
    { url = "https://files.pythonhosted.org/packages/05/73/c4abe620b841b6b791f2edc248f556900667a5a1cf023a6646967ae98335/markupsafe-3.0.3-cp313-cp313-win_amd64.whl", hash = "sha256:9a1abfdc021a164803f4d485104931fb8f8c1efd55bc6b748d2f5774e78b62c5", size = 15113, upload-time = "2025-09-27T18:36:52.537Z" },
    { url = "https://files.pythonhosted.org/packages/f0/3a/fa34a0f7cfef23cf9500d68cb7c32dd64ffd58a12b09225fb03dd37d5b80/markupsafe-3.0.3-cp313-cp313-win_arm64.whl", hash = "sha256:7e68f88e5b8799aa49c85cd116c932a1ac15caaa3f5db09087854d218359e485", size = 13911, upload-time = "2025-09-27T18:36:53.513Z" },
    { url = "https://files.pythonhosted.org/packages/e4/d7/e05cd7efe43a88a17a37b3ae96e79a19e846f3f456fe79c57ca61356ef01/markupsafe-3.0.3-cp313-cp313t-macosx_10_13_x86_64.whl", hash = "sha256:218551f6df4868a8d527e3062d0fb968682fe92054e89978594c28e642c43a73", size = 11658, upload-time = "2025-09-27T18:36:54.819Z" },
    { url = "https://files.pythonhosted.org/packages/99/9e/e412117548182ce2148bdeacdda3bb494260c0b0184360fe0d56389b523b/markupsafe-3.0.3-cp313-cp313t-macosx_11_0_arm64.whl", hash = "sha256:3524b778fe5cfb3452a09d31e7b5adefeea8c5be1d43c4f810ba09f2ceb29d37", size = 12066, upload-time = "2025-09-27T18:36:55.714Z" },
    { url = "https://files.pythonhosted.org/packages/bc/e6/fa0ffcda717ef64a5108eaa7b4f5ed28d56122c9a6d70ab8b72f9f715c80/markupsafe-3.0.3-cp313-cp313t-manylinux2014_aarch64.manylinux_2_17_aarch64.manylinux_2_28_aarch64.whl", hash = "sha256:4e885a3d1efa2eadc93c894a21770e4bc67899e3543680313b09f139e149ab19", size = 25639, upload-time = "2025-09-27T18:36:56.908Z" },
    { url = "https://files.pythonhosted.org/packages/96/ec/2102e881fe9d25fc16cb4b25d5f5cde50970967ffa5dddafdb771237062d/markupsafe-3.0.3-cp313-cp313t-manylinux2014_x86_64.manylinux_2_17_x86_64.manylinux_2_28_x86_64.whl", hash = "sha256:8709b08f4a89aa7586de0aadc8da56180242ee0ada3999749b183aa23df95025", size = 23569, upload-time = "2025-09-27T18:36:57.913Z" },
    { url = "https://files.pythonhosted.org/packages/4b/30/6f2fce1f1f205fc9323255b216ca8a235b15860c34b6798f810f05828e32/markupsafe-3.0.3-cp313-cp313t-manylinux_2_31_riscv64.manylinux_2_39_riscv64.whl", hash = "sha256:b8512a91625c9b3da6f127803b166b629725e68af71f8184ae7e7d54686a56d6", size = 23284, upload-time = "2025-09-27T18:36:58.833Z" },
    { url = "https://files.pythonhosted.org/packages/58/47/4a0ccea4ab9f5dcb6f79c0236d954acb382202721e704223a8aafa38b5c8/markupsafe-3.0.3-cp313-cp313t-musllinux_1_2_aarch64.whl", hash = "sha256:9b79b7a16f7fedff2495d684f2b59b0457c3b493778c9eed31111be64d58279f", size = 24801, upload-time = "2025-09-27T18:36:59.739Z" },
    { url = "https://files.pythonhosted.org/packages/6a/70/3780e9b72180b6fecb83a4814d84c3bf4b4ae4bf0b19c27196104149734c/markupsafe-3.0.3-cp313-cp313t-musllinux_1_2_riscv64.whl", hash = "sha256:12c63dfb4a98206f045aa9563db46507995f7ef6d83b2f68eda65c307c6829eb", size = 22769, upload-time = "2025-09-27T18:37:00.719Z" },
    { url = "https://files.pythonhosted.org/packages/98/c5/c03c7f4125180fc215220c035beac6b9cb684bc7a067c84fc69414d315f5/markupsafe-3.0.3-cp313-cp313t-musllinux_1_2_x86_64.whl", hash = "sha256:8f71bc33915be5186016f675cd83a1e08523649b0e33efdb898db577ef5bb009", size = 23642, upload-time = "2025-09-27T18:37:01.673Z" },
    { url = "https://files.pythonhosted.org/packages/80/d6/2d1b89f6ca4bff1036499b1e29a1d02d282259f3681540e16563f27ebc23/markupsafe-3.0.3-cp313-cp313t-win32.whl", hash = "sha256:69c0b73548bc525c8cb9a251cddf1931d1db4d2258e9599c28c07ef3580ef354", size = 14612, upload-time = "2025-09-27T18:37:02.639Z" },
    { url = "https://files.pythonhosted.org/packages/2b/98/e48a4bfba0a0ffcf9925fe2d69240bfaa19c6f7507b8cd09c70684a53c1e/markupsafe-3.0.3-cp313-cp313t-win_amd64.whl", hash = "sha256:1b4b79e8ebf6b55351f0d91fe80f893b4743f104bff22e90697db1590e47a218", size = 15200, upload-time = "2025-09-27T18:37:03.582Z" },
    { url = "https://files.pythonhosted.org/packages/0e/72/e3cc540f351f316e9ed0f092757459afbc595824ca724cbc5a5d4263713f/markupsafe-3.0.3-cp313-cp313t-win_arm64.whl", hash = "sha256:ad2cf8aa28b8c020ab2fc8287b0f823d0a7d8630784c31e9ee5edea20f406287", size = 13973, upload-time = "2025-09-27T18:37:04.929Z" },
]

[[package]]
name = "peakrdl"
version = "1.1.0"
source = { registry = "https://pypi.org/simple" }
dependencies = [
    { name = "peakrdl-cheader" },
    { name = "peakrdl-html" },
    { name = "peakrdl-ipxact" },
    { name = "peakrdl-regblock" },
    { name = "peakrdl-systemrdl" },
    { name = "peakrdl-uvm" },
    { name = "systemrdl-compiler" },
]
sdist = { url = "https://files.pythonhosted.org/packages/33/3e/6e38399e21b975b723cdecf637f1cbdaae7353600e2e67cc796bc2ab3aeb/peakrdl-1.1.0.tar.gz", hash = "sha256:662a9d5ce6a8bc59ceca6bd442f4fbe8e4b01e53fe14b9bf7ee8f91ff6d8d74c", size = 84572, upload-time = "2023-10-26T04:34:44.533Z" }
wheels = [
    { url = "https://files.pythonhosted.org/packages/20/63/f75088887abcf995cca53db68bda4e19afe9e20125866ee37aeabc3ff7c1/peakrdl-1.1.0-py3-none-any.whl", hash = "sha256:aa8832413782049d6153895fae11969d7ba3f4bc28efb8e96fdde5db1cdc8f56", size = 44227, upload-time = "2023-10-26T04:34:42.433Z" },
]

[[package]]
name = "peakrdl-cheader"
version = "1.0.0"
source = { registry = "https://pypi.org/simple" }
dependencies = [
    { name = "jinja2" },
    { name = "systemrdl-compiler" },
]
sdist = { url = "https://files.pythonhosted.org/packages/d1/db/ccaa561509f7df5970e2364188ea8b49bf77e510db5eb04701ab8adf943e/peakrdl-cheader-1.0.0.tar.gz", hash = "sha256:c0a27950f30bbe53701b59963802def14ae876eda4415278ad358411a563e4c8", size = 64311, upload-time = "2023-10-17T03:45:23.226Z" }
wheels = [
    { url = "https://files.pythonhosted.org/packages/9d/e9/3a1c6075a6146b4506937bbbd2719567266c8f01cf6f5a84499f9f610eb4/peakrdl_cheader-1.0.0-py3-none-any.whl", hash = "sha256:8a5da6f29fde7e999cfb9ef530a483ce81499280a1d08273c223449d90b55221", size = 41283, upload-time = "2023-10-17T03:45:21.579Z" },
]

[[package]]
name = "peakrdl-html"
version = "2.10.1"
source = { registry = "https://pypi.org/simple" }
dependencies = [
    { name = "git-me-the-url" },
    { name = "jinja2" },
    { name = "markdown" },
    { name = "python-markdown-math" },
    { name = "systemrdl-compiler" },
]
sdist = { url = "https://files.pythonhosted.org/packages/5a/dc/1b82395b9659c70ed138444d9c2d98a802fa3b56a1288d2cf00609ce1aec/peakrdl-html-2.10.1.tar.gz", hash = "sha256:955eb1c575308d35293622df3aaec26355ce8e5cdf6c88fb6a8fde216ac82f1c", size = 5586179, upload-time = "2023-06-02T06:19:23.423Z" }

[[package]]
name = "peakrdl-ipxact"
version = "3.5.0"
source = { registry = "https://pypi.org/simple" }
dependencies = [
    { name = "systemrdl-compiler" },
]
sdist = { url = "https://files.pythonhosted.org/packages/a0/f6/af8f79d853081ce9258c60863606291ad5aab9e12eccd050f2e3e8a3a051/peakrdl_ipxact-3.5.0.tar.gz", hash = "sha256:183b9e5412cad7734c25c710ca3722f75f8776b8c20ed38c1d4b83ac409d92d8", size = 71628, upload-time = "2024-10-15T04:45:01.901Z" }
wheels = [
    { url = "https://files.pythonhosted.org/packages/70/81/778784087d63d004d8db431212153e635d89bd43fd05f61391090211d6f5/peakrdl_ipxact-3.5.0-py3-none-any.whl", hash = "sha256:930460f2b95cf5be52d7fadad416f040b68defbc17c372a58c581ee7195be364", size = 40804, upload-time = "2024-10-15T04:45:00.346Z" },
]

[[package]]
name = "peakrdl-regblock"
version = "0.21.0"
source = { registry = "https://pypi.org/simple" }
dependencies = [
    { name = "jinja2" },
    { name = "systemrdl-compiler" },
]
sdist = { url = "https://files.pythonhosted.org/packages/38/85/43e5aeeef9c58e8307884265bd481535159c79a24506e7664f94fecef655/peakrdl-regblock-0.21.0.tar.gz", hash = "sha256:c9d7685b41faf8b8648cae362209f49e4c5c4f3007ff4de2bef4f3f91eb905bb", size = 605664, upload-time = "2024-03-21T03:07:58.199Z" }
wheels = [
    { url = "https://files.pythonhosted.org/packages/1d/51/f5df5b3f73c27d48a217a778294cec842dfc069a29d3d250e00b8ec485db/peakrdl_regblock-0.21.0-py3-none-any.whl", hash = "sha256:d2b10ae9226d4341a351591dea1917770411e04f83bc59d954bef9053cfd7042", size = 95123, upload-time = "2024-03-21T03:07:56.355Z" },
]

[[package]]
name = "peakrdl-systemrdl"
version = "1.0.0"
source = { registry = "https://pypi.org/simple" }
dependencies = [
    { name = "systemrdl-compiler" },
]
sdist = { url = "https://files.pythonhosted.org/packages/6b/35/4ab40c7aec7f84f576833b8ae9c33ad5f5b14e2df624ccbd3fd5ec30bf3a/peakrdl_systemrdl-1.0.0.tar.gz", hash = "sha256:dd88b16d4cc8957344550b2b3716083604bfd2c60356fef59069477905d1fdfc", size = 15725, upload-time = "2025-05-23T18:06:43.782Z" }
wheels = [
    { url = "https://files.pythonhosted.org/packages/97/4f/360fbfbb2aef64ba1b0912c22cebf04fd33817aa36b29c5a4439aa3589f8/peakrdl_systemrdl-1.0.0-py3-none-any.whl", hash = "sha256:812b847d31db50c29d557d86f63656f4f98366aac82f36bcd638959c8f744a72", size = 9452, upload-time = "2025-05-23T18:06:42.605Z" },
]

[[package]]
name = "peakrdl-uvm"
version = "2.3.0"
source = { registry = "https://pypi.org/simple" }
dependencies = [
    { name = "jinja2" },
    { name = "systemrdl-compiler" },
]
sdist = { url = "https://files.pythonhosted.org/packages/04/2b/47e2a27147ae1117e9248e926a7d478b6b2e229b30fb2a0bca01870d5ebe/peakrdl-uvm-2.3.0.tar.gz", hash = "sha256:ec18a4fc87d0201fe03ebe0de259a6b7f22be3de1d6908f80bce1e1416bc9cf2", size = 23518, upload-time = "2023-03-12T06:27:53.669Z" }

[[package]]
name = "python-markdown-math"
version = "0.9"
source = { registry = "https://pypi.org/simple" }
dependencies = [
    { name = "markdown" },
]
sdist = { url = "https://files.pythonhosted.org/packages/4c/68/fbea05ec6fb318bdcf56ea47596605614554f51d77bfd14f6fb481139ad8/python_markdown_math-0.9.tar.gz", hash = "sha256:567395553dc4941e79b3789a1096dcabb3fda9539d150d558ef3507948b264a3", size = 8680, upload-time = "2025-04-10T10:10:31.84Z" }
wheels = [
    { url = "https://files.pythonhosted.org/packages/eb/68/ecf3535c40845de2efd8ac2d092dd5fca0868219fa3684d9e58ef7abeece/python_markdown_math-0.9-py3-none-any.whl", hash = "sha256:ac9932df517a5c0f6d01c56e7a44d065eca4a420893ac45f7a6937c67cb41e86", size = 6046, upload-time = "2025-04-10T10:10:30.318Z" },
]

[[package]]
name = "smmap"
version = "5.0.3"
source = { registry = "https://pypi.org/simple" }
sdist = { url = "https://files.pythonhosted.org/packages/1f/ea/49c993d6dfdd7338c9b1000a0f36817ed7ec84577ae2e52f890d1a4ff909/smmap-5.0.3.tar.gz", hash = "sha256:4d9debb8b99007ae47165abc08670bd74cb74b5227dda7f643eccc4e9eb5642c", size = 22506, upload-time = "2026-03-09T03:43:26.1Z" }
wheels = [
    { url = "https://files.pythonhosted.org/packages/c1/d4/59e74daffcb57a07668852eeeb6035af9f32cbfd7a1d2511f17d2fe6a738/smmap-5.0.3-py3-none-any.whl", hash = "sha256:c106e05d5a61449cf6ba9a1e650227ecfb141590d2a98412103ff35d89fc7b2f", size = 24390, upload-time = "2026-03-09T03:43:24.361Z" },
]

[[package]]
name = "systemrdl-compiler"
version = "1.27.3"
source = { registry = "https://pypi.org/simple" }
dependencies = [
    { name = "antlr4-python3-runtime" },
    { name = "colorama" },
    { name = "markdown" },
]
sdist = { url = "https://files.pythonhosted.org/packages/e7/ed/357d1e4fbc19617b37c1da8ff561fd10c68f3f97561ed789f9599c01da07/systemrdl-compiler-1.27.3.tar.gz", hash = "sha256:db68354bff194cc7236ed68bac64c5bb81a9a17b5ba7b6f37b30078a50a53a3e", size = 449084, upload-time = "2024-01-12T06:12:39.121Z" }
